
Microsoft Visual Studio Solution File, Format Version 12.00
# Visual Studio Version 17
VisualStudioVersion = 17.14.36109.1 d17.14
MinimumVisualStudioVersion = 10.0.40219.1
Project("{FAE04EC0-301F-11D3-BF4B-00C04F79EFBC}") = "BBQstore", "BBQstore.csproj", "{44379AA8-0391-4BE2-8122-579C03E765A2}"
EndProject
Global
	GlobalSection(SolutionConfigurationPlatforms) = preSolution
		Debug|Any CPU = Debug|Any CPU
		Release|Any CPU = Release|Any CPU
	EndGlobalSection
	GlobalSection(ProjectConfigurationPlatforms) = postSolution
		{44379AA8-0391-4BE2-8122-579C03E765A2}.Debug|Any CPU.ActiveCfg = Debug|Any CPU
		{44379AA8-0391-4BE2-8122-579C03E765A2}.Debug|Any CPU.Build.0 = Debug|Any CPU
		{44379AA8-0391-4BE2-8122-579C03E765A2}.Release|Any CPU.ActiveCfg = Release|Any CPU
		{44379AA8-0391-4BE2-8122-579C03E765A2}.Release|Any CPU.Build.0 = Release|Any CPU
	EndGlobalSection
	GlobalSection(SolutionProperties) = preSolution
		HideSolutionNode = FALSE
	EndGlobalSection
	GlobalSection(ExtensibilityGlobals) = postSolution
		SolutionGuid = {13A358A3-C5DA-4E33-8D21-DDE13B9E3BD1}
	EndGlobalSection
EndGlobal
